
Microsoft Visual Studio Solution File, Format Version 12.00
# Visual Studio Version 17
VisualStudioVersion = 17.11.35219.272
MinimumVisualStudioVersion = 10.0.40219.1
Project("{FAE04EC0-301F-11D3-BF4B-00C04F79EFBC}") = "BillingSystem.Presentation", "BillingSystem.Presentation.csproj", "{36595EF7-AFD6-4DBE-996F-E8CC570EC616}"
EndProject
Project("{FAE04EC0-301F-11D3-BF4B-00C04F79EFBC}") = "BillingSystem.DataAccess", "..\BillingSystem.DataAccess\BillingSystem.DataAccess.csproj", "{32730C64-4153-43DA-8514-3A9E47E1F9D9}"
EndProject
Project("{FAE04EC0-301F-11D3-BF4B-00C04F79EFBC}") = "Billing System.BuissnessLogic", "..\Billing System.BuissnessLogic\Billing System.BuissnessLogic.csproj", "{910497D3-3428-459C-8DC6-263C2D692548}"
EndProject
Global
	GlobalSection(SolutionConfigurationPlatforms) = preSolution
		Debug|Any CPU = Debug|Any CPU
		Release|Any CPU = Release|Any CPU
	EndGlobalSection
	GlobalSection(ProjectConfigurationPlatforms) = postSolution
		{36595EF7-AFD6-4DBE-996F-E8CC570EC616}.Debug|Any CPU.ActiveCfg = Debug|Any CPU
		{36595EF7-AFD6-4DBE-996F-E8CC570EC616}.Debug|Any CPU.Build.0 = Debug|Any CPU
		{36595EF7-AFD6-4DBE-996F-E8CC570EC616}.Release|Any CPU.ActiveCfg = Release|Any CPU
		{36595EF7-AFD6-4DBE-996F-E8CC570EC616}.Release|Any CPU.Build.0 = Release|Any CPU
		{32730C64-4153-43DA-8514-3A9E47E1F9D9}.Debug|Any CPU.ActiveCfg = Debug|Any CPU
		{32730C64-4153-43DA-8514-3A9E47E1F9D9}.Debug|Any CPU.Build.0 = Debug|Any CPU
		{32730C64-4153-43DA-8514-3A9E47E1F9D9}.Release|Any CPU.ActiveCfg = Release|Any CPU
		{32730C64-4153-43DA-8514-3A9E47E1F9D9}.Release|Any CPU.Build.0 = Release|Any CPU
		{910497D3-3428-459C-8DC6-263C2D692548}.Debug|Any CPU.ActiveCfg = Debug|Any CPU
		{910497D3-3428-459C-8DC6-263C2D692548}.Debug|Any CPU.Build.0 = Debug|Any CPU
		{910497D3-3428-459C-8DC6-263C2D692548}.Release|Any CPU.ActiveCfg = Release|Any CPU
		{910497D3-3428-459C-8DC6-263C2D692548}.Release|Any CPU.Build.0 = Release|Any CPU
	EndGlobalSection
	GlobalSection(SolutionProperties) = preSolution
		HideSolutionNode = FALSE
	EndGlobalSection
	GlobalSection(ExtensibilityGlobals) = postSolution
		SolutionGuid = {864ABAA9-2C47-4095-9E55-7341B1394E92}
	EndGlobalSection
EndGlobal
